
Microsoft Visual Studio Solution File, Format Version 12.00
# Visual Studio 15
VisualStudioVersion = 15.0.26124.0
MinimumVisualStudioVersion = 15.0.26124.0
Project("{2150E333-8FDC-42A3-9474-1A3956D46DE8}") = "Projects", "Projects", "{08017E7F-71BE-4236-8973-877433A87909}"
EndProject
Project("{FAE04EC0-301F-11D3-BF4B-00C04F79EFBC}") = "Soedeum.Dotnet.Library", "Projects\Soedeum.Dotnet.Library\Soedeum.Dotnet.Library.csproj", "{035C2F97-4A69-48D7-A054-C5DF6E3F9EB8}"
EndProject
Project("{FAE04EC0-301F-11D3-BF4B-00C04F79EFBC}") = "_TestConsole", "Projects\_TestConsole\_TestConsole.csproj", "{529383F8-3C27-4425-AEA8-C28743D35EF5}"
EndProject
Project("{FAE04EC0-301F-11D3-BF4B-00C04F79EFBC}") = "Soedeum.Dotnet.Library.Gray", "Projects\Soedeum.Dotnet.Library.Gray\Soedeum.Dotnet.Library.Gray.csproj", "{2A3527C1-51D1-47E7-AB65-243718D33E6C}"
EndProject
Global
	GlobalSection(SolutionConfigurationPlatforms) = preSolution
		Debug|Any CPU = Debug|Any CPU
		Debug|x64 = Debug|x64
		Debug|x86 = Debug|x86
		Release|Any CPU = Release|Any CPU
		Release|x64 = Release|x64
		Release|x86 = Release|x86
	EndGlobalSection
	GlobalSection(SolutionProperties) = preSolution
		HideSolutionNode = FALSE
	EndGlobalSection
	GlobalSection(ProjectConfigurationPlatforms) = postSolution
		{035C2F97-4A69-48D7-A054-C5DF6E3F9EB8}.Debug|Any CPU.ActiveCfg = Debug|Any CPU
		{035C2F97-4A69-48D7-A054-C5DF6E3F9EB8}.Debug|Any CPU.Build.0 = Debug|Any CPU
		{035C2F97-4A69-48D7-A054-C5DF6E3F9EB8}.Debug|x64.ActiveCfg = Debug|x64
		{035C2F97-4A69-48D7-A054-C5DF6E3F9EB8}.Debug|x64.Build.0 = Debug|x64
		{035C2F97-4A69-48D7-A054-C5DF6E3F9EB8}.Debug|x86.ActiveCfg = Debug|x86
		{035C2F97-4A69-48D7-A054-C5DF6E3F9EB8}.Debug|x86.Build.0 = Debug|x86
		{035C2F97-4A69-48D7-A054-C5DF6E3F9EB8}.Release|Any CPU.ActiveCfg = Release|Any CPU
		{035C2F97-4A69-48D7-A054-C5DF6E3F9EB8}.Release|Any CPU.Build.0 = Release|Any CPU
		{035C2F97-4A69-48D7-A054-C5DF6E3F9EB8}.Release|x64.ActiveCfg = Release|x64
		{035C2F97-4A69-48D7-A054-C5DF6E3F9EB8}.Release|x64.Build.0 = Release|x64
		{035C2F97-4A69-48D7-A054-C5DF6E3F9EB8}.Release|x86.ActiveCfg = Release|x86
		{035C2F97-4A69-48D7-A054-C5DF6E3F9EB8}.Release|x86.Build.0 = Release|x86
		{529383F8-3C27-4425-AEA8-C28743D35EF5}.Debug|Any CPU.ActiveCfg = Debug|Any CPU
		{529383F8-3C27-4425-AEA8-C28743D35EF5}.Debug|Any CPU.Build.0 = Debug|Any CPU
		{529383F8-3C27-4425-AEA8-C28743D35EF5}.Debug|x64.ActiveCfg = Debug|x64
		{529383F8-3C27-4425-AEA8-C28743D35EF5}.Debug|x64.Build.0 = Debug|x64
		{529383F8-3C27-4425-AEA8-C28743D35EF5}.Debug|x86.ActiveCfg = Debug|x86
		{529383F8-3C27-4425-AEA8-C28743D35EF5}.Debug|x86.Build.0 = Debug|x86
		{529383F8-3C27-4425-AEA8-C28743D35EF5}.Release|Any CPU.ActiveCfg = Release|Any CPU
		{529383F8-3C27-4425-AEA8-C28743D35EF5}.Release|Any CPU.Build.0 = Release|Any CPU
		{529383F8-3C27-4425-AEA8-C28743D35EF5}.Release|x64.ActiveCfg = Release|x64
		{529383F8-3C27-4425-AEA8-C28743D35EF5}.Release|x64.Build.0 = Release|x64
		{529383F8-3C27-4425-AEA8-C28743D35EF5}.Release|x86.ActiveCfg = Release|x86
		{529383F8-3C27-4425-AEA8-C28743D35EF5}.Release|x86.Build.0 = Release|x86
		{2A3527C1-51D1-47E7-AB65-243718D33E6C}.Debug|Any CPU.ActiveCfg = Debug|Any CPU
		{2A3527C1-51D1-47E7-AB65-243718D33E6C}.Debug|Any CPU.Build.0 = Debug|Any CPU
		{2A3527C1-51D1-47E7-AB65-243718D33E6C}.Debug|x64.ActiveCfg = Debug|x64
		{2A3527C1-51D1-47E7-AB65-243718D33E6C}.Debug|x64.Build.0 = Debug|x64
		{2A3527C1-51D1-47E7-AB65-243718D33E6C}.Debug|x86.ActiveCfg = Debug|x86
		{2A3527C1-51D1-47E7-AB65-243718D33E6C}.Debug|x86.Build.0 = Debug|x86
		{2A3527C1-51D1-47E7-AB65-243718D33E6C}.Release|Any CPU.ActiveCfg = Release|Any CPU
		{2A3527C1-51D1-47E7-AB65-243718D33E6C}.Release|Any CPU.Build.0 = Release|Any CPU
		{2A3527C1-51D1-47E7-AB65-243718D33E6C}.Release|x64.ActiveCfg = Release|x64
		{2A3527C1-51D1-47E7-AB65-243718D33E6C}.Release|x64.Build.0 = Release|x64
		{2A3527C1-51D1-47E7-AB65-243718D33E6C}.Release|x86.ActiveCfg = Release|x86
		{2A3527C1-51D1-47E7-AB65-243718D33E6C}.Release|x86.Build.0 = Release|x86
	EndGlobalSection
	GlobalSection(NestedProjects) = preSolution
		{035C2F97-4A69-48D7-A054-C5DF6E3F9EB8} = {08017E7F-71BE-4236-8973-877433A87909}
		{529383F8-3C27-4425-AEA8-C28743D35EF5} = {08017E7F-71BE-4236-8973-877433A87909}
		{2A3527C1-51D1-47E7-AB65-243718D33E6C} = {08017E7F-71BE-4236-8973-877433A87909}
	EndGlobalSection
EndGlobal
